
Microsoft Visual Studio Solution File, Format Version 12.00
Project("{FAE04EC0-301F-11D3-BF4B-00C04F79EFBC}") = "GodwinStore.Api", "GodwinStore.Api\GodwinStore.Api.csproj", "{DD1B2A32-FC91-41C8-A4CC-44C111262B8D}"
EndProject
Project("{FAE04EC0-301F-11D3-BF4B-00C04F79EFBC}") = "TestStore.UnitTest", "TestStore.UnitTest\TestStore.UnitTest.csproj", "{6E3045D3-8846-4559-8FA0-D7C33A8F1482}"
EndProject
Global
	GlobalSection(SolutionConfigurationPlatforms) = preSolution
		Debug|Any CPU = Debug|Any CPU
		Release|Any CPU = Release|Any CPU
	EndGlobalSection
	GlobalSection(ProjectConfigurationPlatforms) = postSolution
		{DD1B2A32-FC91-41C8-A4CC-44C111262B8D}.Debug|Any CPU.ActiveCfg = Debug|Any CPU
		{DD1B2A32-FC91-41C8-A4CC-44C111262B8D}.Debug|Any CPU.Build.0 = Debug|Any CPU
		{DD1B2A32-FC91-41C8-A4CC-44C111262B8D}.Release|Any CPU.ActiveCfg = Release|Any CPU
		{DD1B2A32-FC91-41C8-A4CC-44C111262B8D}.Release|Any CPU.Build.0 = Release|Any CPU
		{6E3045D3-8846-4559-8FA0-D7C33A8F1482}.Debug|Any CPU.ActiveCfg = Debug|Any CPU
		{6E3045D3-8846-4559-8FA0-D7C33A8F1482}.Debug|Any CPU.Build.0 = Debug|Any CPU
		{6E3045D3-8846-4559-8FA0-D7C33A8F1482}.Release|Any CPU.ActiveCfg = Release|Any CPU
		{6E3045D3-8846-4559-8FA0-D7C33A8F1482}.Release|Any CPU.Build.0 = Release|Any CPU
	EndGlobalSection
EndGlobal
